
Microsoft Visual Studio Solution File, Format Version 12.00
# Visual Studio Version 16
VisualStudioVersion = 16.0.31515.178
MinimumVisualStudioVersion = 10.0.40219.1
Project("{FAE04EC0-301F-11D3-BF4B-00C04F79EFBC}") = "LoginAndRegister", "LoginAndRegister\LoginAndRegister.csproj", "{07E185A5-1530-41A9-A42F-A5178F4769CF}"
EndProject
Global
	GlobalSection(SolutionConfigurationPlatforms) = preSolution
		Debug|Any CPU = Debug|Any CPU
		Release|Any CPU = Release|Any CPU
	EndGlobalSection
	GlobalSection(ProjectConfigurationPlatforms) = postSolution
		{07E185A5-1530-41A9-A42F-A5178F4769CF}.Debug|Any CPU.ActiveCfg = Debug|Any CPU
		{07E185A5-1530-41A9-A42F-A5178F4769CF}.Debug|Any CPU.Build.0 = Debug|Any CPU
		{07E185A5-1530-41A9-A42F-A5178F4769CF}.Release|Any CPU.ActiveCfg = Release|Any CPU
		{07E185A5-1530-41A9-A42F-A5178F4769CF}.Release|Any CPU.Build.0 = Release|Any CPU
	EndGlobalSection
	GlobalSection(SolutionProperties) = preSolution
		HideSolutionNode = FALSE
	EndGlobalSection
	GlobalSection(ExtensibilityGlobals) = postSolution
		SolutionGuid = {7E69F0F7-2C84-4DC5-B325-F23417BCE8E1}
	EndGlobalSection
EndGlobal
